
Microsoft Visual Studio Solution File, Format Version 12.00
# Visual Studio 15
Project("{FAE04EC0-301F-11D3-BF4B-00C04F79EFBC}") = "UniGLTF.Editor", "UniGLTF.Editor.csproj", "{9C6C88A6-2938-855B-4812-4A5219F7DA15}"
EndProject
Project("{FAE04EC0-301F-11D3-BF4B-00C04F79EFBC}") = "FastSpringBone", "FastSpringBone.csproj", "{2C91CDED-52C4-29BF-FF28-1ADAA75E1D1E}"
EndProject
Project("{FAE04EC0-301F-11D3-BF4B-00C04F79EFBC}") = "UniGLTF.Tests", "UniGLTF.Tests.csproj", "{100061D5-D70C-CD45-D2E1-D64AF6359AD8}"
EndProject
Project("{FAE04EC0-301F-11D3-BF4B-00C04F79EFBC}") = "VRMShaders.VRM10.MToon10.Runtime", "VRMShaders.VRM10.MToon10.Runtime.csproj", "{3B6BFAFA-4048-7FD6-0024-BF8C8BA884B7}"
EndProject
Project("{FAE04EC0-301F-11D3-BF4B-00C04F79EFBC}") = "UniGLTF", "UniGLTF.csproj", "{4CD3ACC3-003E-9256-A7BE-4CD51453E4F2}"
EndProject
Project("{FAE04EC0-301F-11D3-BF4B-00C04F79EFBC}") = "VRM10.Editor", "VRM10.Editor.csproj", "{C94CD286-B586-757E-BC81-2B7B65E3B2CD}"
EndProject
Project("{FAE04EC0-301F-11D3-BF4B-00C04F79EFBC}") = "VrmLibTests", "VrmLibTests.csproj", "{98149343-60CE-437E-4630-12BD9BFFF619}"
EndProject
Project("{FAE04EC0-301F-11D3-BF4B-00C04F79EFBC}") = "UniHumanoid", "UniHumanoid.csproj", "{BBB01704-D61B-B88E-3341-EF953F83C793}"
EndProject
Project("{FAE04EC0-301F-11D3-BF4B-00C04F79EFBC}") = "UniVRM.Editor", "UniVRM.Editor.csproj", "{8430F4CF-7197-1ECA-435A-12A1CC173FED}"
EndProject
Project("{FAE04EC0-301F-11D3-BF4B-00C04F79EFBC}") = "VRM10", "VRM10.csproj", "{95245D3A-8CC9-E86D-EF8D-00D0C5838DD8}"
EndProject
Project("{FAE04EC0-301F-11D3-BF4B-00C04F79EFBC}") = "VRMShaders.GLTF.IO.Runtime", "VRMShaders.GLTF.IO.Runtime.csproj", "{F2F6A99D-52FA-A862-60D5-4453E58DAAF7}"
EndProject
Project("{FAE04EC0-301F-11D3-BF4B-00C04F79EFBC}") = "FastSpringBone10", "FastSpringBone10.csproj", "{3CBA90AF-1BB7-44E1-89FE-0D45D798DB2F}"
EndProject
Project("{FAE04EC0-301F-11D3-BF4B-00C04F79EFBC}") = "UniGLTF.Utils", "UniGLTF.Utils.csproj", "{A3D91D56-BEFB-CFC5-EE62-B43E0120353B}"
EndProject
Project("{FAE04EC0-301F-11D3-BF4B-00C04F79EFBC}") = "VRM", "VRM.csproj", "{BCCB7709-42F0-B801-A46E-7E4CA84E99C9}"
EndProject
Project("{FAE04EC0-301F-11D3-BF4B-00C04F79EFBC}") = "UniHumanoid.Editor", "UniHumanoid.Editor.csproj", "{09FA3AD2-D24C-5DB3-830D-3C6174816AF1}"
EndProject
Project("{FAE04EC0-301F-11D3-BF4B-00C04F79EFBC}") = "VrmLib", "VrmLib.csproj", "{E7295C93-D187-61EE-74C1-08265388B797}"
EndProject
Project("{FAE04EC0-301F-11D3-BF4B-00C04F79EFBC}") = "UniHumanoid.Editor.Tests", "UniHumanoid.Editor.Tests.csproj", "{18581853-2226-D994-F61E-A4F0B0AB8DF7}"
EndProject
Project("{FAE04EC0-301F-11D3-BF4B-00C04F79EFBC}") = "MToon", "MToon.csproj", "{C1AFCB41-145F-89EA-534A-7A71C3F6F3B6}"
EndProject
Project("{FAE04EC0-301F-11D3-BF4B-00C04F79EFBC}") = "VRM.Tests", "VRM.Tests.csproj", "{0C2AC782-9D72-FDBC-6B01-CA4EF6300D03}"
EndProject
Project("{FAE04EC0-301F-11D3-BF4B-00C04F79EFBC}") = "MToon.Editor", "MToon.Editor.csproj", "{EF42819E-4C98-719F-7C97-161AB796DE99}"
EndProject
Project("{FAE04EC0-301F-11D3-BF4B-00C04F79EFBC}") = "VRMShaders.GLTF.IO.Tests", "VRMShaders.GLTF.IO.Tests.csproj", "{956562E3-D2F7-98FF-C16A-D05A41DBF108}"
EndProject
Project("{FAE04EC0-301F-11D3-BF4B-00C04F79EFBC}") = "Assembly-CSharp", "Assembly-CSharp.csproj", "{A79D9CEA-E14F-AEDD-A3B5-7EAD4B2E3EFB}"
EndProject
Project("{FAE04EC0-301F-11D3-BF4B-00C04F79EFBC}") = "VRMShaders.VRM.IO.Runtime", "VRMShaders.VRM.IO.Runtime.csproj", "{C56B27D3-311D-7D8A-DAB8-BEA849C8E87A}"
EndProject
Project("{FAE04EC0-301F-11D3-BF4B-00C04F79EFBC}") = "VRM10.Tests", "VRM10.Tests.csproj", "{2187266D-49AC-4CF5-555A-9E8F3CEA15A7}"
EndProject
Project("{FAE04EC0-301F-11D3-BF4B-00C04F79EFBC}") = "VRMShaders.VRM10.Format.Runtime", "VRMShaders.VRM10.Format.Runtime.csproj", "{B8C7C9CA-92B2-FD99-DE78-135F29CDF164}"
EndProject
Project("{FAE04EC0-301F-11D3-BF4B-00C04F79EFBC}") = "VRMShaders.VRM10.MToon10.Editor", "VRMShaders.VRM10.MToon10.Editor.csproj", "{2C893CF1-3B7D-299B-2D9F-D96BC57E8EA1}"
EndProject
Project("{FAE04EC0-301F-11D3-BF4B-00C04F79EFBC}") = "VRMShaders.GLTF.UniUnlit.Editor", "VRMShaders.GLTF.UniUnlit.Editor.csproj", "{571D72F8-42F8-14EE-F6C5-855137860643}"
EndProject
Project("{FAE04EC0-301F-11D3-BF4B-00C04F79EFBC}") = "VRM.Samples.Editor.Tests", "VRM.Samples.Editor.Tests.csproj", "{FA0E577B-6208-78BA-0E99-498A4EEAA3A3}"
EndProject
Project("{FAE04EC0-301F-11D3-BF4B-00C04F79EFBC}") = "VRMShaders.GLTF.IO.Editor", "VRMShaders.GLTF.IO.Editor.csproj", "{BEEBB463-BF53-EE75-DA2E-4CA72CE84656}"
EndProject
Project("{FAE04EC0-301F-11D3-BF4B-00C04F79EFBC}") = "VRMShaders.GLTF.UniUnlit.Runtime", "VRMShaders.GLTF.UniUnlit.Runtime.csproj", "{0E042F08-84FA-AC29-5600-42AAEBC6063F}"
EndProject
Project("{FAE04EC0-301F-11D3-BF4B-00C04F79EFBC}") = "VRMShaders.VRM10.MToon10.Tests", "VRMShaders.VRM10.MToon10.Tests.csproj", "{31157587-86C8-252D-054B-495FAD2D70BF}"
EndProject
Global
	GlobalSection(SolutionConfigurationPlatforms) = preSolution
		Debug|Any CPU = Debug|Any CPU
		Release|Any CPU = Release|Any CPU
	EndGlobalSection
	GlobalSection(ProjectConfigurationPlatforms) = postSolution
		{9C6C88A6-2938-855B-4812-4A5219F7DA15}.Debug|Any CPU.ActiveCfg = Debug|Any CPU
		{9C6C88A6-2938-855B-4812-4A5219F7DA15}.Debug|Any CPU.Build.0 = Debug|Any CPU
		{9C6C88A6-2938-855B-4812-4A5219F7DA15}.Release|Any CPU.ActiveCfg = Release|Any CPU
		{9C6C88A6-2938-855B-4812-4A5219F7DA15}.Release|Any CPU.Build.0 = Release|Any CPU
		{2C91CDED-52C4-29BF-FF28-1ADAA75E1D1E}.Debug|Any CPU.ActiveCfg = Debug|Any CPU
		{2C91CDED-52C4-29BF-FF28-1ADAA75E1D1E}.Debug|Any CPU.Build.0 = Debug|Any CPU
		{2C91CDED-52C4-29BF-FF28-1ADAA75E1D1E}.Release|Any CPU.ActiveCfg = Release|Any CPU
		{2C91CDED-52C4-29BF-FF28-1ADAA75E1D1E}.Release|Any CPU.Build.0 = Release|Any CPU
		{100061D5-D70C-CD45-D2E1-D64AF6359AD8}.Debug|Any CPU.ActiveCfg = Debug|Any CPU
		{100061D5-D70C-CD45-D2E1-D64AF6359AD8}.Debug|Any CPU.Build.0 = Debug|Any CPU
		{100061D5-D70C-CD45-D2E1-D64AF6359AD8}.Release|Any CPU.ActiveCfg = Release|Any CPU
		{100061D5-D70C-CD45-D2E1-D64AF6359AD8}.Release|Any CPU.Build.0 = Release|Any CPU
		{3B6BFAFA-4048-7FD6-0024-BF8C8BA884B7}.Debug|Any CPU.ActiveCfg = Debug|Any CPU
		{3B6BFAFA-4048-7FD6-0024-BF8C8BA884B7}.Debug|Any CPU.Build.0 = Debug|Any CPU
		{3B6BFAFA-4048-7FD6-0024-BF8C8BA884B7}.Release|Any CPU.ActiveCfg = Release|Any CPU
		{3B6BFAFA-4048-7FD6-0024-BF8C8BA884B7}.Release|Any CPU.Build.0 = Release|Any CPU
		{4CD3ACC3-003E-9256-A7BE-4CD51453E4F2}.Debug|Any CPU.ActiveCfg = Debug|Any CPU
		{4CD3ACC3-003E-9256-A7BE-4CD51453E4F2}.Debug|Any CPU.Build.0 = Debug|Any CPU
		{4CD3ACC3-003E-9256-A7BE-4CD51453E4F2}.Release|Any CPU.ActiveCfg = Release|Any CPU
		{4CD3ACC3-003E-9256-A7BE-4CD51453E4F2}.Release|Any CPU.Build.0 = Release|Any CPU
		{C94CD286-B586-757E-BC81-2B7B65E3B2CD}.Debug|Any CPU.ActiveCfg = Debug|Any CPU
		{C94CD286-B586-757E-BC81-2B7B65E3B2CD}.Debug|Any CPU.Build.0 = Debug|Any CPU
		{C94CD286-B586-757E-BC81-2B7B65E3B2CD}.Release|Any CPU.ActiveCfg = Release|Any CPU
		{C94CD286-B586-757E-BC81-2B7B65E3B2CD}.Release|Any CPU.Build.0 = Release|Any CPU
		{98149343-60CE-437E-4630-12BD9BFFF619}.Debug|Any CPU.ActiveCfg = Debug|Any CPU
		{98149343-60CE-437E-4630-12BD9BFFF619}.Debug|Any CPU.Build.0 = Debug|Any CPU
		{98149343-60CE-437E-4630-12BD9BFFF619}.Release|Any CPU.ActiveCfg = Release|Any CPU
		{98149343-60CE-437E-4630-12BD9BFFF619}.Release|Any CPU.Build.0 = Release|Any CPU
		{BBB01704-D61B-B88E-3341-EF953F83C793}.Debug|Any CPU.ActiveCfg = Debug|Any CPU
		{BBB01704-D61B-B88E-3341-EF953F83C793}.Debug|Any CPU.Build.0 = Debug|Any CPU
		{BBB01704-D61B-B88E-3341-EF953F83C793}.Release|Any CPU.ActiveCfg = Release|Any CPU
		{BBB01704-D61B-B88E-3341-EF953F83C793}.Release|Any CPU.Build.0 = Release|Any CPU
		{8430F4CF-7197-1ECA-435A-12A1CC173FED}.Debug|Any CPU.ActiveCfg = Debug|Any CPU
		{8430F4CF-7197-1ECA-435A-12A1CC173FED}.Debug|Any CPU.Build.0 = Debug|Any CPU
		{8430F4CF-7197-1ECA-435A-12A1CC173FED}.Release|Any CPU.ActiveCfg = Release|Any CPU
		{8430F4CF-7197-1ECA-435A-12A1CC173FED}.Release|Any CPU.Build.0 = Release|Any CPU
		{95245D3A-8CC9-E86D-EF8D-00D0C5838DD8}.Debug|Any CPU.ActiveCfg = Debug|Any CPU
		{95245D3A-8CC9-E86D-EF8D-00D0C5838DD8}.Debug|Any CPU.Build.0 = Debug|Any CPU
		{95245D3A-8CC9-E86D-EF8D-00D0C5838DD8}.Release|Any CPU.ActiveCfg = Release|Any CPU
		{95245D3A-8CC9-E86D-EF8D-00D0C5838DD8}.Release|Any CPU.Build.0 = Release|Any CPU
		{F2F6A99D-52FA-A862-60D5-4453E58DAAF7}.Debug|Any CPU.ActiveCfg = Debug|Any CPU
		{F2F6A99D-52FA-A862-60D5-4453E58DAAF7}.Debug|Any CPU.Build.0 = Debug|Any CPU
		{F2F6A99D-52FA-A862-60D5-4453E58DAAF7}.Release|Any CPU.ActiveCfg = Release|Any CPU
		{F2F6A99D-52FA-A862-60D5-4453E58DAAF7}.Release|Any CPU.Build.0 = Release|Any CPU
		{3CBA90AF-1BB7-44E1-89FE-0D45D798DB2F}.Debug|Any CPU.ActiveCfg = Debug|Any CPU
		{3CBA90AF-1BB7-44E1-89FE-0D45D798DB2F}.Debug|Any CPU.Build.0 = Debug|Any CPU
		{3CBA90AF-1BB7-44E1-89FE-0D45D798DB2F}.Release|Any CPU.ActiveCfg = Release|Any CPU
		{3CBA90AF-1BB7-44E1-89FE-0D45D798DB2F}.Release|Any CPU.Build.0 = Release|Any CPU
		{A3D91D56-BEFB-CFC5-EE62-B43E0120353B}.Debug|Any CPU.ActiveCfg = Debug|Any CPU
		{A3D91D56-BEFB-CFC5-EE62-B43E0120353B}.Debug|Any CPU.Build.0 = Debug|Any CPU
		{A3D91D56-BEFB-CFC5-EE62-B43E0120353B}.Release|Any CPU.ActiveCfg = Release|Any CPU
		{A3D91D56-BEFB-CFC5-EE62-B43E0120353B}.Release|Any CPU.Build.0 = Release|Any CPU
		{BCCB7709-42F0-B801-A46E-7E4CA84E99C9}.Debug|Any CPU.ActiveCfg = Debug|Any CPU
		{BCCB7709-42F0-B801-A46E-7E4CA84E99C9}.Debug|Any CPU.Build.0 = Debug|Any CPU
		{BCCB7709-42F0-B801-A46E-7E4CA84E99C9}.Release|Any CPU.ActiveCfg = Release|Any CPU
		{BCCB7709-42F0-B801-A46E-7E4CA84E99C9}.Release|Any CPU.Build.0 = Release|Any CPU
		{09FA3AD2-D24C-5DB3-830D-3C6174816AF1}.Debug|Any CPU.ActiveCfg = Debug|Any CPU
		{09FA3AD2-D24C-5DB3-830D-3C6174816AF1}.Debug|Any CPU.Build.0 = Debug|Any CPU
		{09FA3AD2-D24C-5DB3-830D-3C6174816AF1}.Release|Any CPU.ActiveCfg = Release|Any CPU
		{09FA3AD2-D24C-5DB3-830D-3C6174816AF1}.Release|Any CPU.Build.0 = Release|Any CPU
		{E7295C93-D187-61EE-74C1-08265388B797}.Debug|Any CPU.ActiveCfg = Debug|Any CPU
		{E7295C93-D187-61EE-74C1-08265388B797}.Debug|Any CPU.Build.0 = Debug|Any CPU
		{E7295C93-D187-61EE-74C1-08265388B797}.Release|Any CPU.ActiveCfg = Release|Any CPU
		{E7295C93-D187-61EE-74C1-08265388B797}.Release|Any CPU.Build.0 = Release|Any CPU
		{18581853-2226-D994-F61E-A4F0B0AB8DF7}.Debug|Any CPU.ActiveCfg = Debug|Any CPU
		{18581853-2226-D994-F61E-A4F0B0AB8DF7}.Debug|Any CPU.Build.0 = Debug|Any CPU
		{18581853-2226-D994-F61E-A4F0B0AB8DF7}.Release|Any CPU.ActiveCfg = Release|Any CPU
		{18581853-2226-D994-F61E-A4F0B0AB8DF7}.Release|Any CPU.Build.0 = Release|Any CPU
		{C1AFCB41-145F-89EA-534A-7A71C3F6F3B6}.Debug|Any CPU.ActiveCfg = Debug|Any CPU
		{C1AFCB41-145F-89EA-534A-7A71C3F6F3B6}.Debug|Any CPU.Build.0 = Debug|Any CPU
		{C1AFCB41-145F-89EA-534A-7A71C3F6F3B6}.Release|Any CPU.ActiveCfg = Release|Any CPU
		{C1AFCB41-145F-89EA-534A-7A71C3F6F3B6}.Release|Any CPU.Build.0 = Release|Any CPU
		{0C2AC782-9D72-FDBC-6B01-CA4EF6300D03}.Debug|Any CPU.ActiveCfg = Debug|Any CPU
		{0C2AC782-9D72-FDBC-6B01-CA4EF6300D03}.Debug|Any CPU.Build.0 = Debug|Any CPU
		{0C2AC782-9D72-FDBC-6B01-CA4EF6300D03}.Release|Any CPU.ActiveCfg = Release|Any CPU
		{0C2AC782-9D72-FDBC-6B01-CA4EF6300D03}.Release|Any CPU.Build.0 = Release|Any CPU
		{EF42819E-4C98-719F-7C97-161AB796DE99}.Debug|Any CPU.ActiveCfg = Debug|Any CPU
		{EF42819E-4C98-719F-7C97-161AB796DE99}.Debug|Any CPU.Build.0 = Debug|Any CPU
		{EF42819E-4C98-719F-7C97-161AB796DE99}.Release|Any CPU.ActiveCfg = Release|Any CPU
		{EF42819E-4C98-719F-7C97-161AB796DE99}.Release|Any CPU.Build.0 = Release|Any CPU
		{956562E3-D2F7-98FF-C16A-D05A41DBF108}.Debug|Any CPU.ActiveCfg = Debug|Any CPU
		{956562E3-D2F7-98FF-C16A-D05A41DBF108}.Debug|Any CPU.Build.0 = Debug|Any CPU
		{956562E3-D2F7-98FF-C16A-D05A41DBF108}.Release|Any CPU.ActiveCfg = Release|Any CPU
		{956562E3-D2F7-98FF-C16A-D05A41DBF108}.Release|Any CPU.Build.0 = Release|Any CPU
		{A79D9CEA-E14F-AEDD-A3B5-7EAD4B2E3EFB}.Debug|Any CPU.ActiveCfg = Debug|Any CPU
		{A79D9CEA-E14F-AEDD-A3B5-7EAD4B2E3EFB}.Debug|Any CPU.Build.0 = Debug|Any CPU
		{A79D9CEA-E14F-AEDD-A3B5-7EAD4B2E3EFB}.Release|Any CPU.ActiveCfg = Release|Any CPU
		{A79D9CEA-E14F-AEDD-A3B5-7EAD4B2E3EFB}.Release|Any CPU.Build.0 = Release|Any CPU
		{C56B27D3-311D-7D8A-DAB8-BEA849C8E87A}.Debug|Any CPU.ActiveCfg = Debug|Any CPU
		{C56B27D3-311D-7D8A-DAB8-BEA849C8E87A}.Debug|Any CPU.Build.0 = Debug|Any CPU
		{C56B27D3-311D-7D8A-DAB8-BEA849C8E87A}.Release|Any CPU.ActiveCfg = Release|Any CPU
		{C56B27D3-311D-7D8A-DAB8-BEA849C8E87A}.Release|Any CPU.Build.0 = Release|Any CPU
		{2187266D-49AC-4CF5-555A-9E8F3CEA15A7}.Debug|Any CPU.ActiveCfg = Debug|Any CPU
		{2187266D-49AC-4CF5-555A-9E8F3CEA15A7}.Debug|Any CPU.Build.0 = Debug|Any CPU
		{2187266D-49AC-4CF5-555A-9E8F3CEA15A7}.Release|Any CPU.ActiveCfg = Release|Any CPU
		{2187266D-49AC-4CF5-555A-9E8F3CEA15A7}.Release|Any CPU.Build.0 = Release|Any CPU
		{B8C7C9CA-92B2-FD99-DE78-135F29CDF164}.Debug|Any CPU.ActiveCfg = Debug|Any CPU
		{B8C7C9CA-92B2-FD99-DE78-135F29CDF164}.Debug|Any CPU.Build.0 = Debug|Any CPU
		{B8C7C9CA-92B2-FD99-DE78-135F29CDF164}.Release|Any CPU.ActiveCfg = Release|Any CPU
		{B8C7C9CA-92B2-FD99-DE78-135F29CDF164}.Release|Any CPU.Build.0 = Release|Any CPU
		{2C893CF1-3B7D-299B-2D9F-D96BC57E8EA1}.Debug|Any CPU.ActiveCfg = Debug|Any CPU
		{2C893CF1-3B7D-299B-2D9F-D96BC57E8EA1}.Debug|Any CPU.Build.0 = Debug|Any CPU
		{2C893CF1-3B7D-299B-2D9F-D96BC57E8EA1}.Release|Any CPU.ActiveCfg = Release|Any CPU
		{2C893CF1-3B7D-299B-2D9F-D96BC57E8EA1}.Release|Any CPU.Build.0 = Release|Any CPU
		{571D72F8-42F8-14EE-F6C5-855137860643}.Debug|Any CPU.ActiveCfg = Debug|Any CPU
		{571D72F8-42F8-14EE-F6C5-855137860643}.Debug|Any CPU.Build.0 = Debug|Any CPU
		{571D72F8-42F8-14EE-F6C5-855137860643}.Release|Any CPU.ActiveCfg = Release|Any CPU
		{571D72F8-42F8-14EE-F6C5-855137860643}.Release|Any CPU.Build.0 = Release|Any CPU
		{FA0E577B-6208-78BA-0E99-498A4EEAA3A3}.Debug|Any CPU.ActiveCfg = Debug|Any CPU
		{FA0E577B-6208-78BA-0E99-498A4EEAA3A3}.Debug|Any CPU.Build.0 = Debug|Any CPU
		{FA0E577B-6208-78BA-0E99-498A4EEAA3A3}.Release|Any CPU.ActiveCfg = Release|Any CPU
		{FA0E577B-6208-78BA-0E99-498A4EEAA3A3}.Release|Any CPU.Build.0 = Release|Any CPU
		{BEEBB463-BF53-EE75-DA2E-4CA72CE84656}.Debug|Any CPU.ActiveCfg = Debug|Any CPU
		{BEEBB463-BF53-EE75-DA2E-4CA72CE84656}.Debug|Any CPU.Build.0 = Debug|Any CPU
		{BEEBB463-BF53-EE75-DA2E-4CA72CE84656}.Release|Any CPU.ActiveCfg = Release|Any CPU
		{BEEBB463-BF53-EE75-DA2E-4CA72CE84656}.Release|Any CPU.Build.0 = Release|Any CPU
		{0E042F08-84FA-AC29-5600-42AAEBC6063F}.Debug|Any CPU.ActiveCfg = Debug|Any CPU
		{0E042F08-84FA-AC29-5600-42AAEBC6063F}.Debug|Any CPU.Build.0 = Debug|Any CPU
		{0E042F08-84FA-AC29-5600-42AAEBC6063F}.Release|Any CPU.ActiveCfg = Release|Any CPU
		{0E042F08-84FA-AC29-5600-42AAEBC6063F}.Release|Any CPU.Build.0 = Release|Any CPU
		{31157587-86C8-252D-054B-495FAD2D70BF}.Debug|Any CPU.ActiveCfg = Debug|Any CPU
		{31157587-86C8-252D-054B-495FAD2D70BF}.Debug|Any CPU.Build.0 = Debug|Any CPU
		{31157587-86C8-252D-054B-495FAD2D70BF}.Release|Any CPU.ActiveCfg = Release|Any CPU
		{31157587-86C8-252D-054B-495FAD2D70BF}.Release|Any CPU.Build.0 = Release|Any CPU
	EndGlobalSection
	GlobalSection(SolutionProperties) = preSolution
		HideSolutionNode = FALSE
	EndGlobalSection
EndGlobal
